{
  "requires": true,
  "lockfileVersion": 1,
  "dependencies": {
    "bootstrap-pincode-input": {
      "version": "1.4.0",
      "resolved": "https://registry.npmjs.org/bootstrap-pincode-input/-/bootstrap-pincode-input-1.4.0.tgz",
      "integrity": "sha1-8mstbIy3Seb5KWwGRjsEY03s/cc="
    }
  }
}
